
Microsoft Visual Studio Solution File, Format Version 12.00
# Visual Studio Version 17
VisualStudioVersion = 17.8.34330.188
MinimumVisualStudioVersion = 10.0.40219.1
Project("{FAE04EC0-301F-11D3-BF4B-00C04F79EFBC}") = "GraphlQLExercise", "GraphlQLExercise\GraphlQLExercise.csproj", "{60DEEE51-F2DA-47BA-94F9-CB6B0851DBE7}"
EndProject
Global
	GlobalSection(SolutionConfigurationPlatforms) = preSolution
		Debug|Any CPU = Debug|Any CPU
		Release|Any CPU = Release|Any CPU
	EndGlobalSection
	GlobalSection(ProjectConfigurationPlatforms) = postSolution
		{60DEEE51-F2DA-47BA-94F9-CB6B0851DBE7}.Debug|Any CPU.ActiveCfg = Debug|Any CPU
		{60DEEE51-F2DA-47BA-94F9-CB6B0851DBE7}.Debug|Any CPU.Build.0 = Debug|Any CPU
		{60DEEE51-F2DA-47BA-94F9-CB6B0851DBE7}.Release|Any CPU.ActiveCfg = Release|Any CPU
		{60DEEE51-F2DA-47BA-94F9-CB6B0851DBE7}.Release|Any CPU.Build.0 = Release|Any CPU
	EndGlobalSection
	GlobalSection(SolutionProperties) = preSolution
		HideSolutionNode = FALSE
	EndGlobalSection
	GlobalSection(ExtensibilityGlobals) = postSolution
		SolutionGuid = {0622340E-A9F2-4DA3-95A7-00C2753D5481}
	EndGlobalSection
EndGlobal
